
Microsoft Visual Studio Solution File, Format Version 12.00
# Visual Studio Version 16
VisualStudioVersion = 16.0.30907.101
MinimumVisualStudioVersion = 10.0.40219.1
Project("{FAE04EC0-301F-11D3-BF4B-00C04F79EFBC}") = "JobTracking.WebUI", "JobTracking.WebUI\JobTracking.WebUI.csproj", "{D5641035-FF2D-4285-8371-182FEC9663AB}"
EndProject
Project("{FAE04EC0-301F-11D3-BF4B-00C04F79EFBC}") = "JobTracking.Data", "JobTracking.Data\JobTracking.Data.csproj", "{9021AB8E-C745-41DB-9320-49EAB93D1D68}"
EndProject
Project("{FAE04EC0-301F-11D3-BF4B-00C04F79EFBC}") = "JobTracking.WebApi", "JobTracking.WebApi\JobTracking.WebApi.csproj", "{A6B3DF32-8B27-4750-A20C-9B151F421981}"
EndProject
Project("{FAE04EC0-301F-11D3-BF4B-00C04F79EFBC}") = "JobTracking.Core", "JobTracking.Core\JobTracking.Core.csproj", "{6A07CED7-5698-408F-B9C5-F65E22E2E6A5}"
EndProject
Global
	GlobalSection(SolutionConfigurationPlatforms) = preSolution
		Debug|Any CPU = Debug|Any CPU
		Release|Any CPU = Release|Any CPU
	EndGlobalSection
	GlobalSection(ProjectConfigurationPlatforms) = postSolution
		{D5641035-FF2D-4285-8371-182FEC9663AB}.Debug|Any CPU.ActiveCfg = Debug|Any CPU
		{D5641035-FF2D-4285-8371-182FEC9663AB}.Debug|Any CPU.Build.0 = Debug|Any CPU
		{D5641035-FF2D-4285-8371-182FEC9663AB}.Release|Any CPU.ActiveCfg = Release|Any CPU
		{D5641035-FF2D-4285-8371-182FEC9663AB}.Release|Any CPU.Build.0 = Release|Any CPU
		{9021AB8E-C745-41DB-9320-49EAB93D1D68}.Debug|Any CPU.ActiveCfg = Debug|Any CPU
		{9021AB8E-C745-41DB-9320-49EAB93D1D68}.Debug|Any CPU.Build.0 = Debug|Any CPU
		{9021AB8E-C745-41DB-9320-49EAB93D1D68}.Release|Any CPU.ActiveCfg = Release|Any CPU
		{9021AB8E-C745-41DB-9320-49EAB93D1D68}.Release|Any CPU.Build.0 = Release|Any CPU
		{A6B3DF32-8B27-4750-A20C-9B151F421981}.Debug|Any CPU.ActiveCfg = Debug|Any CPU
		{A6B3DF32-8B27-4750-A20C-9B151F421981}.Debug|Any CPU.Build.0 = Debug|Any CPU
		{A6B3DF32-8B27-4750-A20C-9B151F421981}.Release|Any CPU.ActiveCfg = Release|Any CPU
		{A6B3DF32-8B27-4750-A20C-9B151F421981}.Release|Any CPU.Build.0 = Release|Any CPU
		{6A07CED7-5698-408F-B9C5-F65E22E2E6A5}.Debug|Any CPU.ActiveCfg = Debug|Any CPU
		{6A07CED7-5698-408F-B9C5-F65E22E2E6A5}.Debug|Any CPU.Build.0 = Debug|Any CPU
		{6A07CED7-5698-408F-B9C5-F65E22E2E6A5}.Release|Any CPU.ActiveCfg = Release|Any CPU
		{6A07CED7-5698-408F-B9C5-F65E22E2E6A5}.Release|Any CPU.Build.0 = Release|Any CPU
	EndGlobalSection
	GlobalSection(SolutionProperties) = preSolution
		HideSolutionNode = FALSE
	EndGlobalSection
	GlobalSection(ExtensibilityGlobals) = postSolution
		SolutionGuid = {F2F97138-151E-4924-AE9D-EF893D96F720}
	EndGlobalSection
EndGlobal
